
Microsoft Visual Studio Solution File, Format Version 12.00
# Visual Studio 15
VisualStudioVersion = 15.0.28010.2016
MinimumVisualStudioVersion = 10.0.40219.1
Project("{FAE04EC0-301F-11D3-BF4B-00C04F79EFBC}") = "EventsDelegates", "EventsDelegates\EventsDelegates.csproj", "{167BA005-7E95-420F-B206-7747C07F9D3B}"
EndProject
Global
	GlobalSection(SolutionConfigurationPlatforms) = preSolution
		Debug|Any CPU = Debug|Any CPU
		Release|Any CPU = Release|Any CPU
	EndGlobalSection
	GlobalSection(ProjectConfigurationPlatforms) = postSolution
		{167BA005-7E95-420F-B206-7747C07F9D3B}.Debug|Any CPU.ActiveCfg = Debug|Any CPU
		{167BA005-7E95-420F-B206-7747C07F9D3B}.Debug|Any CPU.Build.0 = Debug|Any CPU
		{167BA005-7E95-420F-B206-7747C07F9D3B}.Release|Any CPU.ActiveCfg = Release|Any CPU
		{167BA005-7E95-420F-B206-7747C07F9D3B}.Release|Any CPU.Build.0 = Release|Any CPU
	EndGlobalSection
	GlobalSection(SolutionProperties) = preSolution
		HideSolutionNode = FALSE
	EndGlobalSection
	GlobalSection(ExtensibilityGlobals) = postSolution
		SolutionGuid = {2D8EB907-DE41-45DD-887A-C2EDFFFE6C55}
	EndGlobalSection
EndGlobal
